// !$*UTF8*$!
{
	archiveVersion = 1;
	classes = {
	};
	objectVersion = 46;
	objects = {

/* Begin PBXBuildFile section */
		68044D7A1B37B79700378681 /* AppDelegate.swift in Sources */ = {isa = PBXBuildFile; fileRef = 68044D791B37B79700378681 /* AppDelegate.swift */; };
		68044D7C1B37B79700378681 /* ViewController.swift in Sources */ = {isa = PBXBuildFile; fileRef = 68044D7B1B37B79700378681 /* ViewController.swift */; };
		68044D7F1B37B79700378681 /* Main.storyboard in Resources */ = {isa = PBXBuildFile; fileRef = 68044D7D1B37B79700378681 /* Main.storyboard */; };
		68044D811B37B79700378681 /* Images.xcassets in Resources */ = {isa = PBXBuildFile; fileRef = 68044D801B37B79700378681 /* Images.xcassets */; };
		68044D841B37B79700378681 /* LaunchScreen.xib in Resources */ = {isa = PBXBuildFile; fileRef = 68044D821B37B79700378681 /* LaunchScreen.xib */; };
		68044D901B37B79700378681 /* Buy_PlusTests.swift in Sources */ = {isa = PBXBuildFile; fileRef = 68044D8F1B37B79700378681 /* Buy_PlusTests.swift */; };
/* End PBXBuildFile section */

/* Begin PBXContainerItemProxy section */
		68044D8A1B37B79700378681 /* PBXContainerItemProxy */ = {
			isa = PBXContainerItemProxy;
			containerPortal = 68044D6C1B37B79700378681 /* Project object */;
			proxyType = 1;
			remoteGlobalIDString = 68044D731B37B79700378681;
			remoteInfo = "Buy Plus";
		};
/* End PBXContainerItemProxy section */

/* Begin PBXFileReference section */
		68044D741B37B79700378681 /* Buy Plus.app */ = {isa = PBXFileReference; explicitFileType = wrapper.application; includeInIndex = 0; path = "Buy Plus.app"; sourceTree = BUILT_PRODUCTS_DIR; };
		68044D781B37B79700378681 /* Info.plist */ = {isa = PBXFileReference; lastKnownFileType = text.plist.xml; path = Info.plist; sourceTree = "<group>"; };
		68044D791B37B79700378681 /* AppDelegate.swift */ = {isa = PBXFileReference; lastKnownFileType = sourcecode.swift; path = AppDelegate.swift; sourceTree = "<group>"; };
		68044D7B1B37B79700378681 /* ViewController.swift */ = {isa = PBXFileReference; lastKnownFileType = sourcecode.swift; path = ViewController.swift; sourceTree = "<group>"; };
		68044D7E1B37B79700378681 /* Base */ = {isa = PBXFileReference; lastKnownFileType = file.storyboard; name = Base; path = Base.lproj/Main.storyboard; sourceTree = "<group>"; };
		68044D801B37B79700378681 /* Images.xcassets */ = {isa = PBXFileReference; lastKnownFileType = folder.assetcatalog; path = Images.xcassets; sourceTree = "<group>"; };
		68044D831B37B79700378681 /* Base */ = {isa = PBXFileReference; lastKnownFileType = file.xib; name = Base; path = Base.lproj/LaunchScreen.xib; sourceTree = "<group>"; };
		68044D891B37B79700378681 /* Buy PlusTests.xctest */ = {isa = PBXFileReference; explicitFileType = wrapper.cfbundle; includeInIndex = 0; path = "Buy PlusTests.xctest"; sourceTree = BUILT_PRODUCTS_DIR; };
		68044D8E1B37B79700378681 /* Info.plist */ = {isa = PBXFileReference; lastKnownFileType = text.plist.xml; path = Info.plist; sourceTree = "<group>"; };
		68044D8F1B37B79700378681 /* Buy_PlusTests.swift */ = {isa = PBXFileReference; lastKnownFileType = sourcecode.swift; path = Buy_PlusTests.swift; sourceTree = "<group>"; };
/* End PBXFileReference section */

/* Begin PBXFrameworksBuildPhase section */
		68044D711B37B79700378681 /* Frameworks */ = {
			isa = PBXFrameworksBuildPhase;
			buildActionMask = 2147483647;
			files = (
			);
			runOnlyForDeploymentPostprocessing = 0;
		};
		68044D861B37B79700378681 /* Frameworks */ = {
			isa = PBXFrameworksBuildPhase;
			buildActionMask = 2147483647;
			files = (
			);
			runOnlyForDeploymentPostprocessing = 0;
		};
/* End PBXFrameworksBuildPhase section */

/* Begin PBXGroup section */
		68044D6B1B37B79700378681 = {
			isa = PBXGroup;
			children = (
				68044D761B37B79700378681 /* Buy Plus */,
				68044D8C1B37B79700378681 /* Buy PlusTests */,
				68044D751B37B79700378681 /* Products */,
			);
			sourceTree = "<group>";
		};
		68044D751B37B79700378681 /* Products */ = {
			isa = PBXGroup;
			children = (
				68044D741B37B79700378681 /* Buy Plus.app */,
				68044D891B37B79700378681 /* Buy PlusTests.xctest */,
			);
			name = Products;
			sourceTree = "<group>";
		};
		68044D761B37B79700378681 /* Buy Plus */ = {
			isa = PBXGroup;
			children = (
				68044D791B37B79700378681 /* AppDelegate.swift */,
				68044D7B1B37B79700378681 /* ViewController.swift */,
				68044D7D1B37B79700378681 /* Main.storyboard */,
				68044D801B37B79700378681 /* Images.xcassets */,
				68044D821B37B79700378681 /* LaunchScreen.xib */,
				68044D771B37B79700378681 /* Supporting Files */,
			);
			path = "Buy Plus";
			sourceTree = "<group>";
		};
		68044D771B37B79700378681 /* Supporting Files */ = {
			isa = PBXGroup;
			children = (
				68044D781B37B79700378681 /* Info.plist */,
			);
			name = "Supporting Files";
			sourceTree = "<group>";
		};
		68044D8C1B37B79700378681 /* Buy PlusTests */ = {
			isa = PBXGroup;
			children = (
				68044D8F1B37B79700378681 /* Buy_PlusTests.swift */,
				68044D8D1B37B79700378681 /* Supporting Files */,
			);
			path = "Buy PlusTests";
			sourceTree = "<group>";
		};
		68044D8D1B37B79700378681 /* Supporting Files */ = {
			isa = PBXGroup;
			children = (
				68044D8E1B37B79700378681 /* Info.plist */,
			);
			name = "Supporting Files";
			sourceTree = "<group>";
		};
/* End PBXGroup section */

/* Begin PBXNativeTarget section */
		68044D731B37B79700378681 /* Buy Plus */ = {
			isa = PBXNativeTarget;
			buildConfigurationList = 68044D931B37B79700378681 /* Build configuration list for PBXNativeTarget "Buy Plus" */;
			buildPhases = (
				68044D701B37B79700378681 /* Sources */,
				68044D711B37B79700378681 /* Frameworks */,
				68044D721B37B79700378681 /* Resources */,
			);
			buildRules = (
			);
			dependencies = (
			);
			name = "Buy Plus";
			productName = "Buy Plus";
			productReference = 68044D741B37B79700378681 /* Buy Plus.app */;
			productType = "com.apple.product-type.application";
		};
		68044D881B37B79700378681 /* Buy PlusTests */ = {
			isa = PBXNativeTarget;
			buildConfigurationList = 68044D961B37B79700378681 /* Build configuration list for PBXNativeTarget "Buy PlusTests" */;
			buildPhases = (
				68044D851B37B79700378681 /* Sources */,
				68044D861B37B79700378681 /* Frameworks */,
				68044D871B37B79700378681 /* Resources */,
			);
			buildRules = (
			);
			dependencies = (
				68044D8B1B37B79700378681 /* PBXTargetDependency */,
			);
			name = "Buy PlusTests";
			productName = "Buy PlusTests";
			productReference = 68044D891B37B79700378681 /* Buy PlusTests.xctest */;
			productType = "com.apple.product-type.bundle.unit-test";
		};
/* End PBXNativeTarget section */

/* Begin PBXProject section */
		68044D6C1B37B79700378681 /* Project object */ = {
			isa = PBXProject;
			attributes = {
				LastUpgradeCheck = 0630;
				ORGANIZATIONNAME = BuyPlus;
				TargetAttributes = {
					68044D731B37B79700378681 = {
						CreatedOnToolsVersion = 6.3.1;
					};
					68044D881B37B79700378681 = {
						CreatedOnToolsVersion = 6.3.1;
						TestTargetID = 68044D731B37B79700378681;
					};
				};
			};
			buildConfigurationList = 68044D6F1B37B79700378681 /* Build configuration list for PBXProject "Buy Plus" */;
			compatibilityVersion = "Xcode 3.2";
			developmentRegion = English;
			hasScannedForEncodings = 0;
			knownRegions = (
				en,
				Base,
			);
			mainGroup = 68044D6B1B37B79700378681;
			productRefGroup = 68044D751B37B79700378681 /* Products */;
			projectDirPath = "";
			projectRoot = "";
			targets = (
				68044D731B37B79700378681 /* Buy Plus */,
				68044D881B37B79700378681 /* Buy PlusTests */,
			);
		};
/* End PBXProject section */

/* Begin PBXResourcesBuildPhase section */
		68044D721B37B79700378681 /* Resources */ = {
			isa = PBXResourcesBuildPhase;
			buildActionMask = 2147483647;
			files = (
				68044D7F1B37B79700378681 /* Main.storyboard in Resources */,
				68044D841B37B79700378681 /* LaunchScreen.xib in Resources */,
				68044D811B37B79700378681 /* Images.xcassets in Resources */,
			);
			runOnlyForDeploymentPostprocessing = 0;
		};
		68044D871B37B79700378681 /* Resources */ = {
			isa = PBXResourcesBuildPhase;
			buildActionMask = 2147483647;
			files = (
			);
			runOnlyForDeploymentPostprocessing = 0;
		};
/* End PBXResourcesBuildPhase section */

/* Begin PBXSourcesBuildPhase section */
		68044D701B37B79700378681 /* Sources */ = {
			isa = PBXSourcesBuildPhase;
			buildActionMask = 2147483647;
			files = (
				68044D7C1B37B79700378681 /* ViewController.swift in Sources */,
				68044D7A1B37B79700378681 /* AppDelegate.swift in Sources */,
			);
			runOnlyForDeploymentPostprocessing = 0;
		};
		68044D851B37B79700378681 /* Sources */ = {
			isa = PBXSourcesBuildPhase;
			buildActionMask = 2147483647;
			files = (
				68044D901B37B79700378681 /* Buy_PlusTests.swift in Sources */,
			);
			runOnlyForDeploymentPostprocessing = 0;
		};
/* End PBXSourcesBuildPhase section */

/* Begin PBXTargetDependency section */
		68044D8B1B37B79700378681 /* PBXTargetDependency */ = {
			isa = PBXTargetDependency;
			target = 68044D731B37B79700378681 /* Buy Plus */;
			targetProxy = 68044D8A1B37B79700378681 /* PBXContainerItemProxy */;
		};
/* End PBXTargetDependency section */

/* Begin PBXVariantGroup section */
		68044D7D1B37B79700378681 /* Main.storyboard */ = {
			isa = PBXVariantGroup;
			children = (
				68044D7E1B37B79700378681 /* Base */,
			);
			name = Main.storyboard;
			sourceTree = "<group>";
		};
		68044D821B37B79700378681 /* LaunchScreen.xib */ = {
			isa = PBXVariantGroup;
			children = (
				68044D831B37B79700378681 /* Base */,
			);
			name = LaunchScreen.xib;
			sourceTree = "<group>";
		};
/* End PBXVariantGroup section */

/* Begin XCBuildConfiguration section */
		68044D911B37B79700378681 /* Debug */ = {
			isa = XCBuildConfiguration;
			buildSettings = {
				ALWAYS_SEARCH_USER_PATHS = NO;
				CLANG_CXX_LANGUAGE_STANDARD = "gnu++0x";
				CLANG_CXX_LIBRARY = "libc++";
				CLANG_ENABLE_MODULES = YES;
				CLANG_ENABLE_OBJC_ARC = YES;
				CLANG_WARN_BOOL_CONVERSION = YES;
				CLANG_WARN_CONSTANT_CONVERSION = YES;
				CLANG_WARN_DIRECT_OBJC_ISA_USAGE = YES_ERROR;
				CLANG_WARN_EMPTY_BODY = YES;
				CLANG_WARN_ENUM_CONVERSION = YES;
				CLANG_WARN_INT_CONVERSION = YES;
				CLANG_WARN_OBJC_ROOT_CLASS = YES_ERROR;
				CLANG_WARN_UNREACHABLE_CODE = YES;
				CLANG_WARN__DUPLICATE_METHOD_MATCH = YES;
				"CODE_SIGN_IDENTITY[sdk=iphoneos*]" = "iPhone Developer";
				COPY_PHASE_STRIP = NO;
				DEBUG_INFORMATION_FORMAT = "dwarf-with-dsym";
				ENABLE_STRICT_OBJC_MSGSEND = YES;
				GCC_C_LANGUAGE_STANDARD = gnu99;
				GCC_DYNAMIC_NO_PIC = NO;
				GCC_NO_COMMON_BLOCKS = YES;
				GCC_OPTIMIZATION_LEVEL = 0;
				GCC_PREPROCESSOR_DEFINITIONS = (
					"DEBUG=1",
					"$(inherited)",
				);
				GCC_SYMBOLS_PRIVATE_EXTERN = NO;
				GCC_WARN_64_TO_32_BIT_CONVERSION = YES;
				GCC_WARN_ABOUT_RETURN_TYPE = YES_ERROR;
				GCC_WARN_UNDECLARED_SELECTOR = YES;
				GCC_WARN_UNINITIALIZED_AUTOS = YES_AGGRESSIVE;
				GCC_WARN_UNUSED_FUNCTION = YES;
				GCC_WARN_UNUSED_VARIABLE = YES;
				IPHONEOS_DEPLOYMENT_TARGET = 8.3;
				MTL_ENABLE_DEBUG_INFO = YES;
				ONLY_ACTIVE_ARCH = YES;
				SDKROOT = iphoneos;
				SWIFT_OPTIMIZATION_LEVEL = "-Onone";
			};
			name = Debug;
		};
		68044D921B37B79700378681 /* Release */ = {
			isa = XCBuildConfiguration;
			buildSettings = {
				ALWAYS_SEARCH_USER_PATHS = NO;
				CLANG_CXX_LANGUAGE_STANDARD = "gnu++0x";
				CLANG_CXX_LIBRARY = "libc++";
				CLANG_ENABLE_MODULES = YES;
				CLANG_ENABLE_OBJC_ARC = YES;
				CLANG_WARN_BOOL_CONVERSION = YES;
				CLANG_WARN_CONSTANT_CONVERSION = YES;
				CLANG_WARN_DIRECT_OBJC_ISA_USAGE = YES_ERROR;
				CLANG_WARN_EMPTY_BODY = YES;
				CLANG_WARN_ENUM_CONVERSION = YES;
				CLANG_WARN_INT_CONVERSION = YES;
				CLANG_WARN_OBJC_ROOT_CLASS = YES_ERROR;
				CLANG_WARN_UNREACHABLE_CODE = YES;
				CLANG_WARN__DUPLICATE_METHOD_MATCH = YES;
				"CODE_SIGN_IDENTITY[sdk=iphoneos*]" = "iPhone Developer";
				COPY_PHASE_STRIP = NO;
				DEBUG_INFORMATION_FORMAT = "dwarf-with-dsym";
				ENABLE_NS_ASSERTIONS = NO;
				ENABLE_STRICT_OBJC_MSGSEND = YES;
				GCC_C_LANGUAGE_STANDARD = gnu99;
				GCC_NO_COMMON_BLOCKS = YES;
				GCC_WARN_64_TO_32_BIT_CONVERSION = YES;
				GCC_WARN_ABOUT_RETURN_TYPE = YES_ERROR;
				GCC_WARN_UNDECLARED_SELECTOR = YES;
				GCC_WARN_UNINITIALIZED_AUTOS = YES_AGGRESSIVE;
				GCC_WARN_UNUSED_FUNCTION = YES;
				GCC_WARN_UNUSED_VARIABLE = YES;
				IPHONEOS_DEPLOYMENT_TARGET = 8.3;
				MTL_ENABLE_DEBUG_INFO = NO;
				SDKROOT = iphoneos;
				VALIDATE_PRODUCT = YES;
			};
			name = Release;
		};
		68044D941B37B79700378681 /* Debug */ = {
			isa = XCBuildConfiguration;
			buildSettings = {
				ASSETCATALOG_COMPILER_APPICON_NAME = AppIcon;
				INFOPLIST_FILE = "Buy Plus/Info.plist";
				LD_RUNPATH_SEARCH_PATHS = "$(inherited) @executable_path/Frameworks";
				PRODUCT_NAME = "$(TARGET_NAME)";
			};
			name = Debug;
		};
		68044D951B37B79700378681 /* Release */ = {
			isa = XCBuildConfiguration;
			buildSettings = {
				ASSETCATALOG_COMPILER_APPICON_NAME = AppIcon;
				INFOPLIST_FILE = "Buy Plus/Info.plist";
				LD_RUNPATH_SEARCH_PATHS = "$(inherited) @executable_path/Frameworks";
				PRODUCT_NAME = "$(TARGET_NAME)";
			};
			name = Release;
		};
		68044D971B37B79700378681 /* Debug */ = {
			isa = XCBuildConfiguration;
			buildSettings = {
				BUNDLE_LOADER = "$(TEST_HOST)";
				FRAMEWORK_SEARCH_PATHS = (
					"$(SDKROOT)/Developer/Library/Frameworks",
					"$(inherited)",
				);
				GCC_PREPROCESSOR_DEFINITIONS = (
					"DEBUG=1",
					"$(inherited)",
				);
				INFOPLIST_FILE = "Buy PlusTests/Info.plist";
				LD_RUNPATH_SEARCH_PATHS = "$(inherited) @executable_path/Frameworks @loader_path/Frameworks";
				PRODUCT_NAME = "$(TARGET_NAME)";
				TEST_HOST = "$(BUILT_PRODUCTS_DIR)/Buy Plus.app/Buy Plus";
			};
			name = Debug;
		};
		68044D981B37B79700378681 /* Release */ = {
			isa = XCBuildConfiguration;
			buildSettings = {
				BUNDLE_LOADER = "$(TEST_HOST)";
				FRAMEWORK_SEARCH_PATHS = (
					"$(SDKROOT)/Developer/Library/Frameworks",
					"$(inherited)",
				);
				INFOPLIST_FILE = "Buy PlusTests/Info.plist";
				LD_RUNPATH_SEARCH_PATHS = "$(inherited) @executable_path/Frameworks @loader_path/Frameworks";
				PRODUCT_NAME = "$(TARGET_NAME)";
				TEST_HOST = "$(BUILT_PRODUCTS_DIR)/Buy Plus.app/Buy Plus";
			};
			name = Release;
		};
/* End XCBuildConfiguration section */

/* Begin XCConfigurationList section */
		68044D6F1B37B79700378681 /* Build configuration list for PBXProject "Buy Plus" */ = {
			isa = XCConfigurationList;
			buildConfigurations = (
				68044D911B37B79700378681 /* Debug */,
				68044D921B37B79700378681 /* Release */,
			);
			defaultConfigurationIsVisible = 0;
			defaultConfigurationName = Release;
		};
		68044D931B37B79700378681 /* Build configuration list for PBXNativeTarget "Buy Plus" */ = {
			isa = XCConfigurationList;
			buildConfigurations = (
				68044D941B37B79700378681 /* Debug */,
				68044D951B37B79700378681 /* Release */,
			);
			defaultConfigurationIsVisible = 0;
		};
		68044D961B37B79700378681 /* Build configuration list for PBXNativeTarget "Buy PlusTests" */ = {
			isa = XCConfigurationList;
			buildConfigurations = (
				68044D971B37B79700378681 /* Debug */,
				68044D981B37B79700378681 /* Release */,
			);
			defaultConfigurationIsVisible = 0;
		};
/* End XCConfigurationList section */
	};
	rootObject = 68044D6C1B37B79700378681 /* Project object */;
}
